
Microsoft Visual Studio Solution File, Format Version 12.00
# Visual Studio Version 16
VisualStudioVersion = 16.0.33130.400
MinimumVisualStudioVersion = 10.0.40219.1
Project("{FAE04EC0-301F-11D3-BF4B-00C04F79EFBC}") = "Calculater", "Calculater\Calculater.csproj", "{F9EC7489-4387-4F06-B892-807AE5315C89}"
EndProject
Project("{FAE04EC0-301F-11D3-BF4B-00C04F79EFBC}") = "CalculatorTester", "CalculatorTester\CalculatorTester.csproj", "{07E31CCE-2F1B-496F-81DA-50BB80F9E75A}"
EndProject
Project("{00D1A9C2-B5F0-4AF3-8072-F6C62B433612}") = "DatabaseTet", "DatabaseTet\DatabaseTet.sqlproj", "{A996EF63-CDEC-4351-ADCB-D065E9B61E95}"
EndProject
Global
	GlobalSection(SolutionConfigurationPlatforms) = preSolution
		Debug|Any CPU = Debug|Any CPU
		Release|Any CPU = Release|Any CPU
	EndGlobalSection
	GlobalSection(ProjectConfigurationPlatforms) = postSolution
		{F9EC7489-4387-4F06-B892-807AE5315C89}.Debug|Any CPU.ActiveCfg = Debug|Any CPU
		{F9EC7489-4387-4F06-B892-807AE5315C89}.Debug|Any CPU.Build.0 = Debug|Any CPU
		{F9EC7489-4387-4F06-B892-807AE5315C89}.Release|Any CPU.ActiveCfg = Release|Any CPU
		{F9EC7489-4387-4F06-B892-807AE5315C89}.Release|Any CPU.Build.0 = Release|Any CPU
		{07E31CCE-2F1B-496F-81DA-50BB80F9E75A}.Debug|Any CPU.ActiveCfg = Debug|Any CPU
		{07E31CCE-2F1B-496F-81DA-50BB80F9E75A}.Debug|Any CPU.Build.0 = Debug|Any CPU
		{07E31CCE-2F1B-496F-81DA-50BB80F9E75A}.Release|Any CPU.ActiveCfg = Release|Any CPU
		{07E31CCE-2F1B-496F-81DA-50BB80F9E75A}.Release|Any CPU.Build.0 = Release|Any CPU
		{A996EF63-CDEC-4351-ADCB-D065E9B61E95}.Debug|Any CPU.ActiveCfg = Debug|Any CPU
		{A996EF63-CDEC-4351-ADCB-D065E9B61E95}.Debug|Any CPU.Build.0 = Debug|Any CPU
		{A996EF63-CDEC-4351-ADCB-D065E9B61E95}.Debug|Any CPU.Deploy.0 = Debug|Any CPU
		{A996EF63-CDEC-4351-ADCB-D065E9B61E95}.Release|Any CPU.ActiveCfg = Release|Any CPU
		{A996EF63-CDEC-4351-ADCB-D065E9B61E95}.Release|Any CPU.Build.0 = Release|Any CPU
		{A996EF63-CDEC-4351-ADCB-D065E9B61E95}.Release|Any CPU.Deploy.0 = Release|Any CPU
	EndGlobalSection
	GlobalSection(SolutionProperties) = preSolution
		HideSolutionNode = FALSE
	EndGlobalSection
	GlobalSection(ExtensibilityGlobals) = postSolution
		SolutionGuid = {C7660155-E63C-4486-915D-29D647057AF0}
	EndGlobalSection
EndGlobal
